
Microsoft Visual Studio Solution File, Format Version 12.00
# Visual Studio 15
VisualStudioVersion = 15.0.28307.329
MinimumVisualStudioVersion = 10.0.40219.1
Project("{FAE04EC0-301F-11D3-BF4B-00C04F79EFBC}") = "L 2 E1", "L 2 E1\L 2 E1.csproj", "{2AA84935-0DEC-418F-B350-247E11C27B4E}"
EndProject
Global
	GlobalSection(SolutionConfigurationPlatforms) = preSolution
		Debug|Any CPU = Debug|Any CPU
		Release|Any CPU = Release|Any CPU
	EndGlobalSection
	GlobalSection(ProjectConfigurationPlatforms) = postSolution
		{2AA84935-0DEC-418F-B350-247E11C27B4E}.Debug|Any CPU.ActiveCfg = Debug|Any CPU
		{2AA84935-0DEC-418F-B350-247E11C27B4E}.Debug|Any CPU.Build.0 = Debug|Any CPU
		{2AA84935-0DEC-418F-B350-247E11C27B4E}.Release|Any CPU.ActiveCfg = Release|Any CPU
		{2AA84935-0DEC-418F-B350-247E11C27B4E}.Release|Any CPU.Build.0 = Release|Any CPU
	EndGlobalSection
	GlobalSection(SolutionProperties) = preSolution
		HideSolutionNode = FALSE
	EndGlobalSection
	GlobalSection(ExtensibilityGlobals) = postSolution
		SolutionGuid = {3BF6664E-92F8-46AB-BB11-ACF0689D7F97}
	EndGlobalSection
EndGlobal
